<?xml version="1.0" encoding="UTF-8" standalone="yes" ?>
<CodeBlocks_project_file>
	<FileVersion major="1" minor="6" />
	<Project>
		<Option title="mmomm" />
		<Option pch_mode="2" />
		<Option compiler="gcc" />
		<Option virtualFolders="Core/;Core/;Core/Renderers/;Guis/;Net/;World/;Core/Animations/;Core/Actors/;" />
		<Build>
			<Target title="Debug">
				<Option output="bin/Debug/mmomm" prefix_auto="1" extension_auto="1" />
				<Option object_output="obj/Debug/" />
				<Option type="0" />
				<Option compiler="gcc" />
				<Compiler>
					<Add option="-march=i586" />
					<Add option="-std=c++98" />
					<Add option="-Wall" />
					<Add option="-m32" />
					<Add option="-g3 -ggdb" />
				</Compiler>
				<Linker>
					<Add option="-m32" />
				</Linker>
			</Target>
			<Target title="Release">
				<Option output="bin/Release/mmomm" prefix_auto="1" extension_auto="1" />
				<Option object_output="obj/Release/" />
				<Option type="0" />
				<Option compiler="gcc" />
				<Compiler>
					<Add option="-march=i586" />
					<Add option="-O2" />
					<Add option="-m32" />
					<Add option="-DNDEBUG" />
				</Compiler>
				<Linker>
					<Add option="-s" />
					<Add option="-m32" />
				</Linker>
			</Target>
			<Target title="Debug-x64">
				<Option output="bin/Debug-x64/mmomm" prefix_auto="1" extension_auto="1" />
				<Option object_output="obj/Debug-x64" />
				<Option type="0" />
				<Option compiler="gcc" />
				<Compiler>
					<Add option="-std=c++98" />
					<Add option="-Wall" />
					<Add option="-m64" />
					<Add option="-g3 -ggdb" />
				</Compiler>
				<Linker>
					<Add option="-m64" />
				</Linker>
			</Target>
			<Target title="Release-x64">
				<Option output="bin/Release-x64/mmomm" prefix_auto="1" extension_auto="1" />
				<Option object_output="obj/Release-x64" />
				<Option type="0" />
				<Option compiler="gcc" />
				<Compiler>
					<Add option="-O1" />
					<Add option="-m64" />
					<Add option="-DNDEBUG" />
				</Compiler>
				<Linker>
					<Add option="-s" />
					<Add option="-m64" />
				</Linker>
			</Target>
		</Build>
		<Compiler>
			<Add option="-Wall" />
			<Add option="-DMMOMM_CLIENT" />
			<Add option="-DBOOST_DISABLE_THREAD" />
			<Add directory="../guichan/include" />
		</Compiler>
		<Linker>
			<Add option="-lSDL" />
			<Add option="-lSDL_image" />
			<Add option="-lGL" />
			<Add option="-lGLU" />
			<Add option="../cb/libguichan-mmomm.a" />
			<Add option="-lRakNet" />
			<Add directory="../cb" />
		</Linker>
		<Unit filename="../src/actor.cpp">
			<Option virtualFolder="Core/Actors/" />
		</Unit>
		<Unit filename="../src/actor.h">
			<Option virtualFolder="Core/Actors/" />
		</Unit>
		<Unit filename="../src/animation.cpp">
			<Option virtualFolder="Core/Animations/" />
		</Unit>
		<Unit filename="../src/animation.h">
			<Option virtualFolder="Core/Animations/" />
		</Unit>
		<Unit filename="../src/animationManager.cpp">
			<Option virtualFolder="Core/Animations/" />
		</Unit>
		<Unit filename="../src/animationManager.h">
			<Option virtualFolder="Core/Animations/" />
		</Unit>
		<Unit filename="../src/chat.h">
			<Option virtualFolder="Net/" />
		</Unit>
		<Unit filename="../src/chatWindow.cpp">
			<Option virtualFolder="Guis/" />
		</Unit>
		<Unit filename="../src/chatWindow.h">
			<Option virtualFolder="Guis/" />
		</Unit>
		<Unit filename="../src/clientActor.cpp">
			<Option virtualFolder="Core/Actors/" />
		</Unit>
		<Unit filename="../src/clientActor.h">
			<Option virtualFolder="Core/Actors/" />
		</Unit>
		<Unit filename="../src/clientChat.cpp">
			<Option virtualFolder="Net/" />
		</Unit>
		<Unit filename="../src/clientCollisionPackets.cpp">
			<Option virtualFolder="Net/" />
		</Unit>
		<Unit filename="../src/clientNativePackets.cpp">
			<Option virtualFolder="Net/" />
		</Unit>
		<Unit filename="../src/clientSprites.cpp">
			<Option virtualFolder="Core/Animations/" />
		</Unit>
		<Unit filename="../src/clientSprites.h">
			<Option virtualFolder="Core/Animations/" />
		</Unit>
		<Unit filename="../src/clientWorldInstance.cpp">
			<Option virtualFolder="World/" />
		</Unit>
		<Unit filename="../src/clientWorldInstance.h">
			<Option virtualFolder="World/" />
		</Unit>
		<Unit filename="../src/collision.cpp">
			<Option virtualFolder="Core/" />
		</Unit>
		<Unit filename="../src/collision.h">
			<Option virtualFolder="Core/" />
		</Unit>
		<Unit filename="../src/collisionPackets.h">
			<Option virtualFolder="Net/" />
		</Unit>
		<Unit filename="../src/configurationMenu.cpp">
			<Option virtualFolder="Guis/" />
		</Unit>
		<Unit filename="../src/configurationMenu.h">
			<Option virtualFolder="Guis/" />
		</Unit>
		<Unit filename="../src/events.h">
			<Option virtualFolder="Core/" />
		</Unit>
		<Unit filename="../src/frameTimer.cpp">
			<Option virtualFolder="Net/" />
		</Unit>
		<Unit filename="../src/frameTimer.h">
			<Option virtualFolder="Net/" />
		</Unit>
		<Unit filename="../src/gui.cpp">
			<Option virtualFolder="Core/" />
		</Unit>
		<Unit filename="../src/gui.h">
			<Option virtualFolder="Core/" />
		</Unit>
		<Unit filename="../src/hermite.cpp">
			<Option virtualFolder="Core/" />
		</Unit>
		<Unit filename="../src/hermite.h">
			<Option virtualFolder="Core/" />
		</Unit>
		<Unit filename="../src/image.cpp">
			<Option virtualFolder="Core/" />
		</Unit>
		<Unit filename="../src/image.h">
			<Option virtualFolder="Core/" />
		</Unit>
		<Unit filename="../src/imageManager.cpp">
			<Option virtualFolder="Core/" />
		</Unit>
		<Unit filename="../src/imageManager.h">
			<Option virtualFolder="Core/" />
		</Unit>
		<Unit filename="../src/initializePacketManager.cpp">
			<Option virtualFolder="Net/" />
		</Unit>
		<Unit filename="../src/initializePacketManager.h">
			<Option virtualFolder="Net/" />
		</Unit>
		<Unit filename="../src/loginMenu.cpp">
			<Option virtualFolder="Guis/" />
		</Unit>
		<Unit filename="../src/loginMenu.h">
			<Option virtualFolder="Guis/" />
		</Unit>
		<Unit filename="../src/main.cpp">
			<Option virtualFolder="Core/" />
		</Unit>
		<Unit filename="../src/nativePackets.h">
			<Option virtualFolder="Net/" />
		</Unit>
		<Unit filename="../src/networkClient.cpp">
			<Option virtualFolder="Net/" />
		</Unit>
		<Unit filename="../src/networkClient.h">
			<Option virtualFolder="Net/" />
		</Unit>
		<Unit filename="../src/networkCommon.cpp">
			<Option virtualFolder="Net/" />
		</Unit>
		<Unit filename="../src/networkCommon.h">
			<Option virtualFolder="Net/" />
		</Unit>
		<Unit filename="../src/networkPacket.cpp">
			<Option virtualFolder="Net/" />
		</Unit>
		<Unit filename="../src/networkPacket.h">
			<Option virtualFolder="Net/" />
		</Unit>
		<Unit filename="../src/networkPacketManager.h">
			<Option virtualFolder="Net/" />
		</Unit>
		<Unit filename="../src/openglRenderer.cpp">
			<Option virtualFolder="Core/Renderers/" />
		</Unit>
		<Unit filename="../src/openglRenderer.h">
			<Option virtualFolder="Core/Renderers/" />
		</Unit>
		<Unit filename="../src/packetTypes.h">
			<Option virtualFolder="Net/" />
		</Unit>
		<Unit filename="../src/playerActor.cpp">
			<Option virtualFolder="Core/Actors/" />
		</Unit>
		<Unit filename="../src/renderer.cpp">
			<Option virtualFolder="Core/Renderers/" />
		</Unit>
		<Unit filename="../src/renderer.h">
			<Option virtualFolder="Core/Renderers/" />
		</Unit>
		<Unit filename="../src/softwareRenderer.cpp">
			<Option virtualFolder="Core/Renderers/" />
		</Unit>
		<Unit filename="../src/softwareRenderer.h">
			<Option virtualFolder="Core/Renderers/" />
		</Unit>
		<Unit filename="../src/sprite.cpp">
			<Option virtualFolder="Core/Animations/" />
		</Unit>
		<Unit filename="../src/sprite.h">
			<Option virtualFolder="Core/Animations/" />
		</Unit>
		<Unit filename="../src/user.h">
			<Option virtualFolder="Net/" />
		</Unit>
		<Unit filename="../src/vector2D.h">
			<Option virtualFolder="Core/" />
		</Unit>
		<Unit filename="../src/worldCommon.cpp">
			<Option virtualFolder="World/" />
		</Unit>
		<Unit filename="../src/worldCommon.h">
			<Option virtualFolder="World/" />
		</Unit>
		<Unit filename="../src/worldInstance.cpp">
			<Option virtualFolder="World/" />
		</Unit>
		<Unit filename="../src/worldInstance.h">
			<Option virtualFolder="World/" />
		</Unit>
		<Unit filename="../src/worldMap.cpp">
			<Option virtualFolder="World/" />
		</Unit>
		<Unit filename="../src/worldMap.h">
			<Option virtualFolder="World/" />
		</Unit>
		<Extensions>
			<code_completion />
			<debugger />
			<envvars />
		</Extensions>
	</Project>
</CodeBlocks_project_file>
