<?xml version="1.0" encoding="UTF-8" standalone="yes" ?>
<CodeBlocks_project_file>
	<FileVersion major="1" minor="6" />
	<Project>
		<Option title="mmomm" />
		<Option pch_mode="2" />
		<Option compiler="gcc" />
		<Option virtualFolders="Renderers/;" />
		<Build>
			<Target title="Debug">
				<Option output="bin/Debug/mmomm" prefix_auto="1" extension_auto="1" />
				<Option object_output="obj/Debug/" />
				<Option type="1" />
				<Option compiler="gcc" />
				<Compiler>
					<Add option="-g" />
				</Compiler>
			</Target>
			<Target title="Release">
				<Option output="bin/Release/mmomm" prefix_auto="1" extension_auto="1" />
				<Option object_output="obj/Release/" />
				<Option type="1" />
				<Option compiler="gcc" />
				<Compiler>
					<Add option="-O2" />
				</Compiler>
				<Linker>
					<Add option="-s" />
				</Linker>
			</Target>
		</Build>
		<Compiler>
			<Add option="-Wall" />
		</Compiler>
		<Linker>
			<Add option="-lSDL" />
			<Add option="-lSDL_image" />
			<Add option="-lGL" />
			<Add option="-lGLU" />
			<Add option="-lguichan" />
			<Add option="-lguichan_sdl" />
			<Add option="-lguichan_opengl" />
		</Linker>
		<Unit filename="../src/collision.cpp" />
		<Unit filename="../src/collision.h" />
		<Unit filename="../src/gui.cpp" />
		<Unit filename="../src/gui.h" />
		<Unit filename="../src/image.cpp" />
		<Unit filename="../src/image.h" />
		<Unit filename="../src/main.cpp" />
		<Unit filename="../src/openglrenderer.cpp">
			<Option virtualFolder="Renderers/" />
		</Unit>
		<Unit filename="../src/openglrenderer.h">
			<Option virtualFolder="Renderers/" />
		</Unit>
		<Unit filename="../src/renderer.cpp">
			<Option virtualFolder="Renderers/" />
		</Unit>
		<Unit filename="../src/renderer.h">
			<Option virtualFolder="Renderers/" />
		</Unit>
		<Unit filename="../src/softwarerenderer.cpp">
			<Option virtualFolder="Renderers/" />
		</Unit>
		<Unit filename="../src/softwarerenderer.h">
			<Option virtualFolder="Renderers/" />
		</Unit>
		<Extensions>
			<code_completion />
			<debugger />
		</Extensions>
	</Project>
</CodeBlocks_project_file>
