<?xml version="1.0" encoding="UTF-8" standalone="yes" ?>
<CodeBlocks_project_file>
	<FileVersion major="1" minor="6" />
	<Project>
		<Option title="mmomm" />
		<Option pch_mode="2" />
		<Option compiler="gcc" />
		<Option virtualFolders="Core/;Core/;Core/Renderers/;Guis/;Net/;World/;" />
		<Build>
			<Target title="Debug">
				<Option output="bin/Debug/mmomm" prefix_auto="1" extension_auto="1" />
				<Option object_output="obj/Debug/" />
				<Option type="1" />
				<Option compiler="gcc" />
				<Compiler>
					<Add option="-g" />
				</Compiler>
			</Target>
			<Target title="Release">
				<Option output="bin/Release/mmomm" prefix_auto="1" extension_auto="1" />
				<Option object_output="obj/Release/" />
				<Option type="1" />
				<Option compiler="gcc" />
				<Compiler>
					<Add option="-O2" />
				</Compiler>
				<Linker>
					<Add option="-s" />
				</Linker>
			</Target>
		</Build>
		<Compiler>
			<Add option="-Wall" />
			<Add option="-DMMOMM_CLIENT" />
		</Compiler>
		<Linker>
			<Add option="-lSDL" />
			<Add option="-lSDL_image" />
			<Add option="-lGL" />
			<Add option="-lGLU" />
			<Add option="-lguichan" />
			<Add option="-lguichan_sdl" />
			<Add option="-lguichan_opengl" />
			<Add option="-lRakNet" />
		</Linker>
		<Unit filename="../src/animation.cpp">
			<Option virtualFolder="Core/" />
		</Unit>
		<Unit filename="../src/animation.h">
			<Option virtualFolder="Core/" />
		</Unit>
		<Unit filename="../src/animationManager.cpp">
			<Option virtualFolder="Core/" />
		</Unit>
		<Unit filename="../src/animationManager.h">
			<Option virtualFolder="Core/" />
		</Unit>
		<Unit filename="../src/chat.h">
			<Option virtualFolder="Net/" />
		</Unit>
		<Unit filename="../src/chatWindow.cpp">
			<Option virtualFolder="Guis/" />
		</Unit>
		<Unit filename="../src/chatWindow.h">
			<Option virtualFolder="Guis/" />
		</Unit>
		<Unit filename="../src/clientChat.cpp">
			<Option virtualFolder="Net/" />
		</Unit>
		<Unit filename="../src/clientCollisionPackets.cpp">
			<Option virtualFolder="Net/" />
		</Unit>
		<Unit filename="../src/clientNativePackets.cpp">
			<Option virtualFolder="Net/" />
		</Unit>
		<Unit filename="../src/collision.cpp">
			<Option virtualFolder="Core/" />
		</Unit>
		<Unit filename="../src/collision.h">
			<Option virtualFolder="Core/" />
		</Unit>
		<Unit filename="../src/collisionPackets.h">
			<Option virtualFolder="Net/" />
		</Unit>
		<Unit filename="../src/configurationMenu.cpp">
			<Option virtualFolder="Guis/" />
		</Unit>
		<Unit filename="../src/configurationMenu.h">
			<Option virtualFolder="Guis/" />
		</Unit>
		<Unit filename="../src/events.h">
			<Option virtualFolder="Core/" />
		</Unit>
		<Unit filename="../src/gui.cpp">
			<Option virtualFolder="Core/" />
		</Unit>
		<Unit filename="../src/gui.h">
			<Option virtualFolder="Core/" />
		</Unit>
		<Unit filename="../src/hermite.cpp">
			<Option virtualFolder="Core/" />
		</Unit>
		<Unit filename="../src/hermite.h">
			<Option virtualFolder="Core/" />
		</Unit>
		<Unit filename="../src/image.cpp">
			<Option virtualFolder="Core/" />
		</Unit>
		<Unit filename="../src/image.h">
			<Option virtualFolder="Core/" />
		</Unit>
		<Unit filename="../src/imageManager.cpp">
			<Option virtualFolder="Core/" />
		</Unit>
		<Unit filename="../src/imageManager.h">
			<Option virtualFolder="Core/" />
		</Unit>
		<Unit filename="../src/initializePacketManager.cpp">
			<Option virtualFolder="Net/" />
		</Unit>
		<Unit filename="../src/initializePacketManager.h">
			<Option virtualFolder="Net/" />
		</Unit>
		<Unit filename="../src/loginMenu.cpp">
			<Option virtualFolder="Guis/" />
		</Unit>
		<Unit filename="../src/loginMenu.h">
			<Option virtualFolder="Guis/" />
		</Unit>
		<Unit filename="../src/main.cpp">
			<Option virtualFolder="Core/" />
		</Unit>
		<Unit filename="../src/nativePackets.h">
			<Option virtualFolder="Net/" />
		</Unit>
		<Unit filename="../src/networkClient.cpp">
			<Option virtualFolder="Net/" />
		</Unit>
		<Unit filename="../src/networkClient.h">
			<Option virtualFolder="Net/" />
		</Unit>
		<Unit filename="../src/networkCommon.cpp">
			<Option virtualFolder="Net/" />
		</Unit>
		<Unit filename="../src/networkCommon.h">
			<Option virtualFolder="Net/" />
		</Unit>
		<Unit filename="../src/networkPacket.cpp">
			<Option virtualFolder="Net/" />
		</Unit>
		<Unit filename="../src/networkPacket.h">
			<Option virtualFolder="Net/" />
		</Unit>
		<Unit filename="../src/networkPacketManager.h">
			<Option virtualFolder="Net/" />
		</Unit>
		<Unit filename="../src/networkServer.cpp">
			<Option virtualFolder="Net/" />
		</Unit>
		<Unit filename="../src/networkServer.h">
			<Option virtualFolder="Net/" />
		</Unit>
		<Unit filename="../src/openglRenderer.cpp">
			<Option virtualFolder="Core/Renderers/" />
		</Unit>
		<Unit filename="../src/openglRenderer.h">
			<Option virtualFolder="Core/Renderers/" />
		</Unit>
		<Unit filename="../src/packetTypes.h">
			<Option virtualFolder="Net/" />
		</Unit>
		<Unit filename="../src/renderer.cpp">
			<Option virtualFolder="Core/Renderers/" />
		</Unit>
		<Unit filename="../src/renderer.h">
			<Option virtualFolder="Core/Renderers/" />
		</Unit>
		<Unit filename="../src/softwareRenderer.cpp">
			<Option virtualFolder="Core/Renderers/" />
		</Unit>
		<Unit filename="../src/softwareRenderer.h">
			<Option virtualFolder="Core/Renderers/" />
		</Unit>
		<Unit filename="../src/user.h">
			<Option virtualFolder="Net/" />
		</Unit>
		<Unit filename="../src/vector2D.h">
			<Option virtualFolder="Core/" />
		</Unit>
		<Unit filename="../src/worldCommon.cpp">
			<Option virtualFolder="World/" />
		</Unit>
		<Unit filename="../src/worldCommon.h">
			<Option virtualFolder="World/" />
		</Unit>
		<Unit filename="../src/worldInstance.cpp">
			<Option virtualFolder="World/" />
		</Unit>
		<Unit filename="../src/worldInstance.h">
			<Option virtualFolder="World/" />
		</Unit>
		<Unit filename="../src/worldMap.cpp">
			<Option virtualFolder="World/" />
		</Unit>
		<Unit filename="../src/worldMap.h">
			<Option virtualFolder="World/" />
		</Unit>
		<Extensions>
			<code_completion />
			<debugger />
		</Extensions>
	</Project>
</CodeBlocks_project_file>
